// !$*UTF8*$!
{
	archiveVersion = 1;
	classes = {
	};
	objectVersion = 55;
	objects = {

/* Begin PBXBuildFile section */
		6E1341B4280605060092B126 /* AppDelegate.swift in Sources */ = {isa = PBXBuildFile; fileRef = 6E1341B3280605060092B126 /* AppDelegate.swift */; };
		6E1341B6280605060092B126 /* SceneDelegate.swift in Sources */ = {isa = PBXBuildFile; fileRef = 6E1341B5280605060092B126 /* SceneDelegate.swift */; };
		6E1341BD280605070092B126 /* Assets.xcassets in Resources */ = {isa = PBXBuildFile; fileRef = 6E1341BC280605070092B126 /* Assets.xcassets */; };
		6E1341C0280605070092B126 /* LaunchScreen.storyboard in Resources */ = {isa = PBXBuildFile; fileRef = 6E1341BE280605070092B126 /* LaunchScreen.storyboard */; };
		6E1341CB280605070092B126 /* ShoppingAppTests.swift in Sources */ = {isa = PBXBuildFile; fileRef = 6E1341CA280605070092B126 /* ShoppingAppTests.swift */; };
		6E1341D5280605070092B126 /* ShoppingAppUITests.swift in Sources */ = {isa = PBXBuildFile; fileRef = 6E1341D4280605070092B126 /* ShoppingAppUITests.swift */; };
		6E1341D7280605070092B126 /* ShoppingAppUITestsLaunchTests.swift in Sources */ = {isa = PBXBuildFile; fileRef = 6E1341D6280605070092B126 /* ShoppingAppUITestsLaunchTests.swift */; };
		F026A68728EB197B00356B4E /* DetailViewController.swift in Sources */ = {isa = PBXBuildFile; fileRef = F026A68628EB197B00356B4E /* DetailViewController.swift */; };
		F026A68928EB198800356B4E /* DetailViewModel.swift in Sources */ = {isa = PBXBuildFile; fileRef = F026A68828EB198800356B4E /* DetailViewModel.swift */; };
		F026A68C28EB1EC100356B4E /* DetailViewCoordinator.swift in Sources */ = {isa = PBXBuildFile; fileRef = F026A68B28EB1EC100356B4E /* DetailViewCoordinator.swift */; };
		F0971BF328E6EAF500E2A5DC /* HomeViewController.swift in Sources */ = {isa = PBXBuildFile; fileRef = F0971BF228E6EAF500E2A5DC /* HomeViewController.swift */; };
		F0971BF528E6EB3400E2A5DC /* HomeViewCoordinator.swift in Sources */ = {isa = PBXBuildFile; fileRef = F0971BF428E6EB3400E2A5DC /* HomeViewCoordinator.swift */; };
		F0971BF728E6EB3B00E2A5DC /* HomeViewModel.swift in Sources */ = {isa = PBXBuildFile; fileRef = F0971BF628E6EB3B00E2A5DC /* HomeViewModel.swift */; };
		F0971BFA28E6EC6A00E2A5DC /* Coordinator.swift in Sources */ = {isa = PBXBuildFile; fileRef = F0971BF928E6EC6A00E2A5DC /* Coordinator.swift */; };
		F0971C2128E70B2400E2A5DC /* ProductResponse.swift in Sources */ = {isa = PBXBuildFile; fileRef = F0971C2028E70B2400E2A5DC /* ProductResponse.swift */; };
		F0971C2428E70B8F00E2A5DC /* RequestModel.swift in Sources */ = {isa = PBXBuildFile; fileRef = F0971C2328E70B8F00E2A5DC /* RequestModel.swift */; };
		F0971C2728E70BAC00E2A5DC /* ProductService.swift in Sources */ = {isa = PBXBuildFile; fileRef = F0971C2628E70BAC00E2A5DC /* ProductService.swift */; };
		F0971C4A28E7183A00E2A5DC /* NetworkLayer in Frameworks */ = {isa = PBXBuildFile; productRef = F0971C4928E7183A00E2A5DC /* NetworkLayer */; };
		F0971C4D28E71F8200E2A5DC /* HomeCellDisplayerView.swift in Sources */ = {isa = PBXBuildFile; fileRef = F0971C4C28E71F8200E2A5DC /* HomeCellDisplayerView.swift */; };
		F0971C5028E71FE300E2A5DC /* ImageCacheManager.swift in Sources */ = {isa = PBXBuildFile; fileRef = F0971C4F28E71FE300E2A5DC /* ImageCacheManager.swift */; };
		F0971C5528E720AB00E2A5DC /* CustomImageViewComponent.swift in Sources */ = {isa = PBXBuildFile; fileRef = F0971C5428E720AB00E2A5DC /* CustomImageViewComponent.swift */; };
		F0971C5728E720B300E2A5DC /* CustomImageViewData.swift in Sources */ = {isa = PBXBuildFile; fileRef = F0971C5628E720B300E2A5DC /* CustomImageViewData.swift */; };
		F0971C5928E720C900E2A5DC /* CustomImageViewContainer.swift in Sources */ = {isa = PBXBuildFile; fileRef = F0971C5828E720C900E2A5DC /* CustomImageViewContainer.swift */; };
		F0971C5C28E7235400E2A5DC /* EndpointManager.swift in Sources */ = {isa = PBXBuildFile; fileRef = F0971C5B28E7235400E2A5DC /* EndpointManager.swift */; };
		F0971C5F28E723EC00E2A5DC /* GenericBaseView.swift in Sources */ = {isa = PBXBuildFile; fileRef = F0971C5E28E723EC00E2A5DC /* GenericBaseView.swift */; };
		F0971C6228E7267D00E2A5DC /* HomeCellDisplayerData.swift in Sources */ = {isa = PBXBuildFile; fileRef = F0971C6128E7267D00E2A5DC /* HomeCellDisplayerData.swift */; };
		F0971C6628E7273100E2A5DC /* HomeCVComponent.swift in Sources */ = {isa = PBXBuildFile; fileRef = F0971C6528E7273100E2A5DC /* HomeCVComponent.swift */; };
		F0971C6828E7273D00E2A5DC /* HomeCVData.swift in Sources */ = {isa = PBXBuildFile; fileRef = F0971C6728E7273D00E2A5DC /* HomeCVData.swift */; };
		F0971C6B28E727C700E2A5DC /* GenericDataProtocol.swift in Sources */ = {isa = PBXBuildFile; fileRef = F0971C6A28E727C700E2A5DC /* GenericDataProtocol.swift */; };
		F0971C6D28E727E200E2A5DC /* DataProviderProtocol.swift in Sources */ = {isa = PBXBuildFile; fileRef = F0971C6C28E727E200E2A5DC /* DataProviderProtocol.swift */; };
		F0971C7128E72A8100E2A5DC /* HomeCVCell.swift in Sources */ = {isa = PBXBuildFile; fileRef = F0971C7028E72A8100E2A5DC /* HomeCVCell.swift */; };
		F0971C7328E72DA000E2A5DC /* BaseCollectionViewCell.swift in Sources */ = {isa = PBXBuildFile; fileRef = F0971C7228E72DA000E2A5DC /* BaseCollectionViewCell.swift */; };
		F0971C7628E7385700E2A5DC /* Double+Extension.swift in Sources */ = {isa = PBXBuildFile; fileRef = F0971C7528E7385700E2A5DC /* Double+Extension.swift */; };
		F0971C7928E73AA200E2A5DC /* HomeDataFormatter.swift in Sources */ = {isa = PBXBuildFile; fileRef = F0971C7828E73AA200E2A5DC /* HomeDataFormatter.swift */; };
		F0971C7C28E9D3F200E2A5DC /* CoreDataManager.swift in Sources */ = {isa = PBXBuildFile; fileRef = F0971C7B28E9D3F200E2A5DC /* CoreDataManager.swift */; };
		F0971C7F28E9DBAF00E2A5DC /* Array+Extension.swift in Sources */ = {isa = PBXBuildFile; fileRef = F0971C7E28E9DBAF00E2A5DC /* Array+Extension.swift */; };
		F0971C8228E9DD9E00E2A5DC /* ShoppingListCoreDataManager.swift in Sources */ = {isa = PBXBuildFile; fileRef = F0971C8128E9DD9E00E2A5DC /* ShoppingListCoreDataManager.swift */; };
		F0971C8828E9DE4700E2A5DC /* ShoppingListEntity.xcdatamodeld in Sources */ = {isa = PBXBuildFile; fileRef = F0971C8628E9DE4700E2A5DC /* ShoppingListEntity.xcdatamodeld */; };
		F0971C8A28E9E93E00E2A5DC /* NetworkChecker.swift in Sources */ = {isa = PBXBuildFile; fileRef = F0971C8928E9E93E00E2A5DC /* NetworkChecker.swift */; };
/* End PBXBuildFile section */

/* Begin PBXContainerItemProxy section */
		6E1341C7280605070092B126 /* PBXContainerItemProxy */ = {
			isa = PBXContainerItemProxy;
			containerPortal = 6E1341A8280605060092B126 /* Project object */;
			proxyType = 1;
			remoteGlobalIDString = 6E1341AF280605060092B126;
			remoteInfo = ShoppingApp;
		};
		6E1341D1280605070092B126 /* PBXContainerItemProxy */ = {
			isa = PBXContainerItemProxy;
			containerPortal = 6E1341A8280605060092B126 /* Project object */;
			proxyType = 1;
			remoteGlobalIDString = 6E1341AF280605060092B126;
			remoteInfo = ShoppingApp;
		};
/* End PBXContainerItemProxy section */

/* Begin PBXFileReference section */
		6E1341B0280605060092B126 /* ShoppingApp.app */ = {isa = PBXFileReference; explicitFileType = wrapper.application; includeInIndex = 0; path = ShoppingApp.app; sourceTree = BUILT_PRODUCTS_DIR; };
		6E1341B3280605060092B126 /* AppDelegate.swift */ = {isa = PBXFileReference; lastKnownFileType = sourcecode.swift; path = AppDelegate.swift; sourceTree = "<group>"; };
		6E1341B5280605060092B126 /* SceneDelegate.swift */ = {isa = PBXFileReference; lastKnownFileType = sourcecode.swift; path = SceneDelegate.swift; sourceTree = "<group>"; };
		6E1341BC280605070092B126 /* Assets.xcassets */ = {isa = PBXFileReference; lastKnownFileType = folder.assetcatalog; path = Assets.xcassets; sourceTree = "<group>"; };
		6E1341BF280605070092B126 /* Base */ = {isa = PBXFileReference; lastKnownFileType = file.storyboard; name = Base; path = Base.lproj/LaunchScreen.storyboard; sourceTree = "<group>"; };
		6E1341C1280605070092B126 /* Info.plist */ = {isa = PBXFileReference; lastKnownFileType = text.plist.xml; path = Info.plist; sourceTree = "<group>"; };
		6E1341C6280605070092B126 /* ShoppingAppTests.xctest */ = {isa = PBXFileReference; explicitFileType = wrapper.cfbundle; includeInIndex = 0; path = ShoppingAppTests.xctest; sourceTree = BUILT_PRODUCTS_DIR; };
		6E1341CA280605070092B126 /* ShoppingAppTests.swift */ = {isa = PBXFileReference; lastKnownFileType = sourcecode.swift; path = ShoppingAppTests.swift; sourceTree = "<group>"; };
		6E1341D0280605070092B126 /* ShoppingAppUITests.xctest */ = {isa = PBXFileReference; explicitFileType = wrapper.cfbundle; includeInIndex = 0; path = ShoppingAppUITests.xctest; sourceTree = BUILT_PRODUCTS_DIR; };
		6E1341D4280605070092B126 /* ShoppingAppUITests.swift */ = {isa = PBXFileReference; lastKnownFileType = sourcecode.swift; path = ShoppingAppUITests.swift; sourceTree = "<group>"; };
		6E1341D6280605070092B126 /* ShoppingAppUITestsLaunchTests.swift */ = {isa = PBXFileReference; lastKnownFileType = sourcecode.swift; path = ShoppingAppUITestsLaunchTests.swift; sourceTree = "<group>"; };
		F026A68628EB197B00356B4E /* DetailViewController.swift */ = {isa = PBXFileReference; lastKnownFileType = sourcecode.swift; path = DetailViewController.swift; sourceTree = "<group>"; };
		F026A68828EB198800356B4E /* DetailViewModel.swift */ = {isa = PBXFileReference; lastKnownFileType = sourcecode.swift; path = DetailViewModel.swift; sourceTree = "<group>"; };
		F026A68B28EB1EC100356B4E /* DetailViewCoordinator.swift */ = {isa = PBXFileReference; lastKnownFileType = sourcecode.swift; path = DetailViewCoordinator.swift; sourceTree = "<group>"; };
		F0971BF228E6EAF500E2A5DC /* HomeViewController.swift */ = {isa = PBXFileReference; lastKnownFileType = sourcecode.swift; path = HomeViewController.swift; sourceTree = "<group>"; };
		F0971BF428E6EB3400E2A5DC /* HomeViewCoordinator.swift */ = {isa = PBXFileReference; lastKnownFileType = sourcecode.swift; path = HomeViewCoordinator.swift; sourceTree = "<group>"; };
		F0971BF628E6EB3B00E2A5DC /* HomeViewModel.swift */ = {isa = PBXFileReference; lastKnownFileType = sourcecode.swift; path = HomeViewModel.swift; sourceTree = "<group>"; };
		F0971BF928E6EC6A00E2A5DC /* Coordinator.swift */ = {isa = PBXFileReference; lastKnownFileType = sourcecode.swift; path = Coordinator.swift; sourceTree = "<group>"; };
		F0971C2028E70B2400E2A5DC /* ProductResponse.swift */ = {isa = PBXFileReference; lastKnownFileType = sourcecode.swift; path = ProductResponse.swift; sourceTree = "<group>"; };
		F0971C2328E70B8F00E2A5DC /* RequestModel.swift */ = {isa = PBXFileReference; lastKnownFileType = sourcecode.swift; path = RequestModel.swift; sourceTree = "<group>"; };
		F0971C2628E70BAC00E2A5DC /* ProductService.swift */ = {isa = PBXFileReference; lastKnownFileType = sourcecode.swift; path = ProductService.swift; sourceTree = "<group>"; };
		F0971C4828E7174800E2A5DC /* NetworkLayer */ = {isa = PBXFileReference; lastKnownFileType = wrapper; name = NetworkLayer; path = Packages/NetworkLayer; sourceTree = "<group>"; };
		F0971C4C28E71F8200E2A5DC /* HomeCellDisplayerView.swift */ = {isa = PBXFileReference; lastKnownFileType = sourcecode.swift; path = HomeCellDisplayerView.swift; sourceTree = "<group>"; };
		F0971C4F28E71FE300E2A5DC /* ImageCacheManager.swift */ = {isa = PBXFileReference; lastKnownFileType = sourcecode.swift; path = ImageCacheManager.swift; sourceTree = "<group>"; };
		F0971C5428E720AB00E2A5DC /* CustomImageViewComponent.swift */ = {isa = PBXFileReference; lastKnownFileType = sourcecode.swift; path = CustomImageViewComponent.swift; sourceTree = "<group>"; };
		F0971C5628E720B300E2A5DC /* CustomImageViewData.swift */ = {isa = PBXFileReference; lastKnownFileType = sourcecode.swift; path = CustomImageViewData.swift; sourceTree = "<group>"; };
		F0971C5828E720C900E2A5DC /* CustomImageViewContainer.swift */ = {isa = PBXFileReference; lastKnownFileType = sourcecode.swift; path = CustomImageViewContainer.swift; sourceTree = "<group>"; };
		F0971C5B28E7235400E2A5DC /* EndpointManager.swift */ = {isa = PBXFileReference; lastKnownFileType = sourcecode.swift; path = EndpointManager.swift; sourceTree = "<group>"; };
		F0971C5E28E723EC00E2A5DC /* GenericBaseView.swift */ = {isa = PBXFileReference; lastKnownFileType = sourcecode.swift; path = GenericBaseView.swift; sourceTree = "<group>"; };
		F0971C6128E7267D00E2A5DC /* HomeCellDisplayerData.swift */ = {isa = PBXFileReference; lastKnownFileType = sourcecode.swift; path = HomeCellDisplayerData.swift; sourceTree = "<group>"; };
		F0971C6528E7273100E2A5DC /* HomeCVComponent.swift */ = {isa = PBXFileReference; lastKnownFileType = sourcecode.swift; path = HomeCVComponent.swift; sourceTree = "<group>"; };
		F0971C6728E7273D00E2A5DC /* HomeCVData.swift */ = {isa = PBXFileReference; lastKnownFileType = sourcecode.swift; path = HomeCVData.swift; sourceTree = "<group>"; };
		F0971C6A28E727C700E2A5DC /* GenericDataProtocol.swift */ = {isa = PBXFileReference; lastKnownFileType = sourcecode.swift; path = GenericDataProtocol.swift; sourceTree = "<group>"; };
		F0971C6C28E727E200E2A5DC /* DataProviderProtocol.swift */ = {isa = PBXFileReference; lastKnownFileType = sourcecode.swift; path = DataProviderProtocol.swift; sourceTree = "<group>"; };
		F0971C7028E72A8100E2A5DC /* HomeCVCell.swift */ = {isa = PBXFileReference; lastKnownFileType = sourcecode.swift; path = HomeCVCell.swift; sourceTree = "<group>"; };
		F0971C7228E72DA000E2A5DC /* BaseCollectionViewCell.swift */ = {isa = PBXFileReference; lastKnownFileType = sourcecode.swift; path = BaseCollectionViewCell.swift; sourceTree = "<group>"; };
		F0971C7528E7385700E2A5DC /* Double+Extension.swift */ = {isa = PBXFileReference; lastKnownFileType = sourcecode.swift; path = "Double+Extension.swift"; sourceTree = "<group>"; };
		F0971C7828E73AA200E2A5DC /* HomeDataFormatter.swift */ = {isa = PBXFileReference; lastKnownFileType = sourcecode.swift; path = HomeDataFormatter.swift; sourceTree = "<group>"; };
		F0971C7B28E9D3F200E2A5DC /* CoreDataManager.swift */ = {isa = PBXFileReference; lastKnownFileType = sourcecode.swift; path = CoreDataManager.swift; sourceTree = "<group>"; };
		F0971C7E28E9DBAF00E2A5DC /* Array+Extension.swift */ = {isa = PBXFileReference; lastKnownFileType = sourcecode.swift; path = "Array+Extension.swift"; sourceTree = "<group>"; };
		F0971C8128E9DD9E00E2A5DC /* ShoppingListCoreDataManager.swift */ = {isa = PBXFileReference; lastKnownFileType = sourcecode.swift; path = ShoppingListCoreDataManager.swift; sourceTree = "<group>"; };
		F0971C8728E9DE4700E2A5DC /* ShoppingListItem.xcdatamodel */ = {isa = PBXFileReference; lastKnownFileType = wrapper.xcdatamodel; path = ShoppingListItem.xcdatamodel; sourceTree = "<group>"; };
		F0971C8928E9E93E00E2A5DC /* NetworkChecker.swift */ = {isa = PBXFileReference; lastKnownFileType = sourcecode.swift; path = NetworkChecker.swift; sourceTree = "<group>"; };
/* End PBXFileReference section */

/* Begin PBXFrameworksBuildPhase section */
		6E1341AD280605060092B126 /* Frameworks */ = {
			isa = PBXFrameworksBuildPhase;
			buildActionMask = 2147483647;
			files = (
				F0971C4A28E7183A00E2A5DC /* NetworkLayer in Frameworks */,
			);
			runOnlyForDeploymentPostprocessing = 0;
		};
		6E1341C3280605070092B126 /* Frameworks */ = {
			isa = PBXFrameworksBuildPhase;
			buildActionMask = 2147483647;
			files = (
			);
			runOnlyForDeploymentPostprocessing = 0;
		};
		6E1341CD280605070092B126 /* Frameworks */ = {
			isa = PBXFrameworksBuildPhase;
			buildActionMask = 2147483647;
			files = (
			);
			runOnlyForDeploymentPostprocessing = 0;
		};
/* End PBXFrameworksBuildPhase section */

/* Begin PBXGroup section */
		6E1341A7280605060092B126 = {
			isa = PBXGroup;
			children = (
				F0971C4328E716C300E2A5DC /* Packages */,
				6E1341B2280605060092B126 /* ShoppingApp */,
				6E1341C9280605070092B126 /* ShoppingAppTests */,
				6E1341D3280605070092B126 /* ShoppingAppUITests */,
				6E1341B1280605060092B126 /* Products */,
				F0971C4528E716CF00E2A5DC /* Frameworks */,
			);
			sourceTree = "<group>";
		};
		6E1341B1280605060092B126 /* Products */ = {
			isa = PBXGroup;
			children = (
				6E1341B0280605060092B126 /* ShoppingApp.app */,
				6E1341C6280605070092B126 /* ShoppingAppTests.xctest */,
				6E1341D0280605070092B126 /* ShoppingAppUITests.xctest */,
			);
			name = Products;
			sourceTree = "<group>";
		};
		6E1341B2280605060092B126 /* ShoppingApp */ = {
			isa = PBXGroup;
			children = (
				F0971BF828E6EC5D00E2A5DC /* Coordinator */,
				F0971C7A28E9D3E800E2A5DC /* Managers */,
				F0971C5228E7207E00E2A5DC /* Components */,
				F0971C5128E7200800E2A5DC /* Utils */,
				F0971BFF28E6F2DA00E2A5DC /* DataOperations */,
				F0971BF128E6EAE200E2A5DC /* Scenes */,
				F0971BFE28E6EEBA00E2A5DC /* App */,
				6E1341BC280605070092B126 /* Assets.xcassets */,
				6E1341BE280605070092B126 /* LaunchScreen.storyboard */,
				6E1341C1280605070092B126 /* Info.plist */,
				F0971C8628E9DE4700E2A5DC /* ShoppingListEntity.xcdatamodeld */,
			);
			path = ShoppingApp;
			sourceTree = "<group>";
		};
		6E1341C9280605070092B126 /* ShoppingAppTests */ = {
			isa = PBXGroup;
			children = (
				6E1341CA280605070092B126 /* ShoppingAppTests.swift */,
			);
			path = ShoppingAppTests;
			sourceTree = "<group>";
		};
		6E1341D3280605070092B126 /* ShoppingAppUITests */ = {
			isa = PBXGroup;
			children = (
				6E1341D4280605070092B126 /* ShoppingAppUITests.swift */,
				6E1341D6280605070092B126 /* ShoppingAppUITestsLaunchTests.swift */,
			);
			path = ShoppingAppUITests;
			sourceTree = "<group>";
		};
		F026A68428EB196500356B4E /* Home */ = {
			isa = PBXGroup;
			children = (
				F0971C7728E73A9800E2A5DC /* DataFormatter */,
				F0971BFB28E6EE6D00E2A5DC /* View */,
				F0971BFC28E6EE7000E2A5DC /* ViewModel */,
				F0971BFD28E6EE7700E2A5DC /* Coordinator */,
			);
			path = Home;
			sourceTree = "<group>";
		};
		F026A68528EB196C00356B4E /* Detail */ = {
			isa = PBXGroup;
			children = (
				F026A68628EB197B00356B4E /* DetailViewController.swift */,
				F026A68828EB198800356B4E /* DetailViewModel.swift */,
				F026A68B28EB1EC100356B4E /* DetailViewCoordinator.swift */,
			);
			path = Detail;
			sourceTree = "<group>";
		};
		F0971BF128E6EAE200E2A5DC /* Scenes */ = {
			isa = PBXGroup;
			children = (
				F026A68528EB196C00356B4E /* Detail */,
				F026A68428EB196500356B4E /* Home */,
			);
			path = Scenes;
			sourceTree = "<group>";
		};
		F0971BF828E6EC5D00E2A5DC /* Coordinator */ = {
			isa = PBXGroup;
			children = (
				F0971BF928E6EC6A00E2A5DC /* Coordinator.swift */,
			);
			path = Coordinator;
			sourceTree = "<group>";
		};
		F0971BFB28E6EE6D00E2A5DC /* View */ = {
			isa = PBXGroup;
			children = (
				F0971C4B28E71F5A00E2A5DC /* Components */,
				F0971BF228E6EAF500E2A5DC /* HomeViewController.swift */,
			);
			path = View;
			sourceTree = "<group>";
		};
		F0971BFC28E6EE7000E2A5DC /* ViewModel */ = {
			isa = PBXGroup;
			children = (
				F0971BF628E6EB3B00E2A5DC /* HomeViewModel.swift */,
			);
			path = ViewModel;
			sourceTree = "<group>";
		};
		F0971BFD28E6EE7700E2A5DC /* Coordinator */ = {
			isa = PBXGroup;
			children = (
				F0971BF428E6EB3400E2A5DC /* HomeViewCoordinator.swift */,
			);
			path = Coordinator;
			sourceTree = "<group>";
		};
		F0971BFE28E6EEBA00E2A5DC /* App */ = {
			isa = PBXGroup;
			children = (
				6E1341B3280605060092B126 /* AppDelegate.swift */,
				6E1341B5280605060092B126 /* SceneDelegate.swift */,
			);
			path = App;
			sourceTree = "<group>";
		};
		F0971BFF28E6F2DA00E2A5DC /* DataOperations */ = {
			isa = PBXGroup;
			children = (
				F0971C8028E9DD7F00E2A5DC /* CoreData */,
				F0971C2528E70B9900E2A5DC /* Service */,
				F0971C2228E70B8200E2A5DC /* RequestModel */,
				F0971C1F28E70A0A00E2A5DC /* ResponseModel */,
			);
			path = DataOperations;
			sourceTree = "<group>";
		};
		F0971C1F28E70A0A00E2A5DC /* ResponseModel */ = {
			isa = PBXGroup;
			children = (
				F0971C2028E70B2400E2A5DC /* ProductResponse.swift */,
			);
			path = ResponseModel;
			sourceTree = "<group>";
		};
		F0971C2228E70B8200E2A5DC /* RequestModel */ = {
			isa = PBXGroup;
			children = (
				F0971C2328E70B8F00E2A5DC /* RequestModel.swift */,
			);
			path = RequestModel;
			sourceTree = "<group>";
		};
		F0971C2528E70B9900E2A5DC /* Service */ = {
			isa = PBXGroup;
			children = (
				F0971C2628E70BAC00E2A5DC /* ProductService.swift */,
			);
			path = Service;
			sourceTree = "<group>";
		};
		F0971C4328E716C300E2A5DC /* Packages */ = {
			isa = PBXGroup;
			children = (
				F0971C4828E7174800E2A5DC /* NetworkLayer */,
			);
			name = Packages;
			sourceTree = "<group>";
		};
		F0971C4528E716CF00E2A5DC /* Frameworks */ = {
			isa = PBXGroup;
			children = (
			);
			name = Frameworks;
			sourceTree = "<group>";
		};
		F0971C4B28E71F5A00E2A5DC /* Components */ = {
			isa = PBXGroup;
			children = (
				F0971C6428E7271C00E2A5DC /* HomeCollectionViewComponent */,
			);
			path = Components;
			sourceTree = "<group>";
		};
		F0971C4E28E71FD200E2A5DC /* ImageCacheManager */ = {
			isa = PBXGroup;
			children = (
				F0971C4F28E71FE300E2A5DC /* ImageCacheManager.swift */,
			);
			path = ImageCacheManager;
			sourceTree = "<group>";
		};
		F0971C5128E7200800E2A5DC /* Utils */ = {
			isa = PBXGroup;
			children = (
				F0971C7428E7384D00E2A5DC /* Extensions */,
				F0971C6928E727BA00E2A5DC /* DataProtocols */,
				F0971C5D28E723E000E2A5DC /* BaseClasses */,
				F0971C5A28E7234900E2A5DC /* EndpointManager */,
				F0971C4E28E71FD200E2A5DC /* ImageCacheManager */,
			);
			path = Utils;
			sourceTree = "<group>";
		};
		F0971C5228E7207E00E2A5DC /* Components */ = {
			isa = PBXGroup;
			children = (
				F0971C5328E7208C00E2A5DC /* CustomImageViewComponent */,
			);
			path = Components;
			sourceTree = "<group>";
		};
		F0971C5328E7208C00E2A5DC /* CustomImageViewComponent */ = {
			isa = PBXGroup;
			children = (
				F0971C5428E720AB00E2A5DC /* CustomImageViewComponent.swift */,
				F0971C5828E720C900E2A5DC /* CustomImageViewContainer.swift */,
				F0971C5628E720B300E2A5DC /* CustomImageViewData.swift */,
			);
			path = CustomImageViewComponent;
			sourceTree = "<group>";
		};
		F0971C5A28E7234900E2A5DC /* EndpointManager */ = {
			isa = PBXGroup;
			children = (
				F0971C5B28E7235400E2A5DC /* EndpointManager.swift */,
			);
			path = EndpointManager;
			sourceTree = "<group>";
		};
		F0971C5D28E723E000E2A5DC /* BaseClasses */ = {
			isa = PBXGroup;
			children = (
				F0971C5E28E723EC00E2A5DC /* GenericBaseView.swift */,
				F0971C7228E72DA000E2A5DC /* BaseCollectionViewCell.swift */,
			);
			path = BaseClasses;
			sourceTree = "<group>";
		};
		F0971C6328E7270D00E2A5DC /* HomeCellComponent */ = {
			isa = PBXGroup;
			children = (
				F0971C4C28E71F8200E2A5DC /* HomeCellDisplayerView.swift */,
				F0971C6128E7267D00E2A5DC /* HomeCellDisplayerData.swift */,
			);
			path = HomeCellComponent;
			sourceTree = "<group>";
		};
		F0971C6428E7271C00E2A5DC /* HomeCollectionViewComponent */ = {
			isa = PBXGroup;
			children = (
				F0971C6E28E729B900E2A5DC /* HomeCVCell */,
				F0971C6528E7273100E2A5DC /* HomeCVComponent.swift */,
				F0971C6728E7273D00E2A5DC /* HomeCVData.swift */,
			);
			path = HomeCollectionViewComponent;
			sourceTree = "<group>";
		};
		F0971C6928E727BA00E2A5DC /* DataProtocols */ = {
			isa = PBXGroup;
			children = (
				F0971C6A28E727C700E2A5DC /* GenericDataProtocol.swift */,
				F0971C6C28E727E200E2A5DC /* DataProviderProtocol.swift */,
			);
			path = DataProtocols;
			sourceTree = "<group>";
		};
		F0971C6E28E729B900E2A5DC /* HomeCVCell */ = {
			isa = PBXGroup;
			children = (
				F0971C6328E7270D00E2A5DC /* HomeCellComponent */,
				F0971C7028E72A8100E2A5DC /* HomeCVCell.swift */,
			);
			path = HomeCVCell;
			sourceTree = "<group>";
		};
		F0971C7428E7384D00E2A5DC /* Extensions */ = {
			isa = PBXGroup;
			children = (
				F0971C7528E7385700E2A5DC /* Double+Extension.swift */,
				F0971C7E28E9DBAF00E2A5DC /* Array+Extension.swift */,
			);
			path = Extensions;
			sourceTree = "<group>";
		};
		F0971C7728E73A9800E2A5DC /* DataFormatter */ = {
			isa = PBXGroup;
			children = (
				F0971C7828E73AA200E2A5DC /* HomeDataFormatter.swift */,
			);
			path = DataFormatter;
			sourceTree = "<group>";
		};
		F0971C7A28E9D3E800E2A5DC /* Managers */ = {
			isa = PBXGroup;
			children = (
				F0971C7B28E9D3F200E2A5DC /* CoreDataManager.swift */,
				F0971C8928E9E93E00E2A5DC /* NetworkChecker.swift */,
			);
			path = Managers;
			sourceTree = "<group>";
		};
		F0971C8028E9DD7F00E2A5DC /* CoreData */ = {
			isa = PBXGroup;
			children = (
				F0971C8128E9DD9E00E2A5DC /* ShoppingListCoreDataManager.swift */,
			);
			path = CoreData;
			sourceTree = "<group>";
		};
/* End PBXGroup section */

/* Begin PBXNativeTarget section */
		6E1341AF280605060092B126 /* ShoppingApp */ = {
			isa = PBXNativeTarget;
			buildConfigurationList = 6E1341DA280605070092B126 /* Build configuration list for PBXNativeTarget "ShoppingApp" */;
			buildPhases = (
				6E1341AC280605060092B126 /* Sources */,
				6E1341AD280605060092B126 /* Frameworks */,
				6E1341AE280605060092B126 /* Resources */,
			);
			buildRules = (
			);
			dependencies = (
			);
			name = ShoppingApp;
			packageProductDependencies = (
				F0971C4928E7183A00E2A5DC /* NetworkLayer */,
			);
			productName = ShoppingApp;
			productReference = 6E1341B0280605060092B126 /* ShoppingApp.app */;
			productType = "com.apple.product-type.application";
		};
		6E1341C5280605070092B126 /* ShoppingAppTests */ = {
			isa = PBXNativeTarget;
			buildConfigurationList = 6E1341DD280605070092B126 /* Build configuration list for PBXNativeTarget "ShoppingAppTests" */;
			buildPhases = (
				6E1341C2280605070092B126 /* Sources */,
				6E1341C3280605070092B126 /* Frameworks */,
				6E1341C4280605070092B126 /* Resources */,
			);
			buildRules = (
			);
			dependencies = (
				6E1341C8280605070092B126 /* PBXTargetDependency */,
			);
			name = ShoppingAppTests;
			productName = ShoppingAppTests;
			productReference = 6E1341C6280605070092B126 /* ShoppingAppTests.xctest */;
			productType = "com.apple.product-type.bundle.unit-test";
		};
		6E1341CF280605070092B126 /* ShoppingAppUITests */ = {
			isa = PBXNativeTarget;
			buildConfigurationList = 6E1341E0280605070092B126 /* Build configuration list for PBXNativeTarget "ShoppingAppUITests" */;
			buildPhases = (
				6E1341CC280605070092B126 /* Sources */,
				6E1341CD280605070092B126 /* Frameworks */,
				6E1341CE280605070092B126 /* Resources */,
			);
			buildRules = (
			);
			dependencies = (
				6E1341D2280605070092B126 /* PBXTargetDependency */,
			);
			name = ShoppingAppUITests;
			productName = ShoppingAppUITests;
			productReference = 6E1341D0280605070092B126 /* ShoppingAppUITests.xctest */;
			productType = "com.apple.product-type.bundle.ui-testing";
		};
/* End PBXNativeTarget section */

/* Begin PBXProject section */
		6E1341A8280605060092B126 /* Project object */ = {
			isa = PBXProject;
			attributes = {
				BuildIndependentTargetsInParallel = 1;
				LastSwiftUpdateCheck = 1320;
				LastUpgradeCheck = 1320;
				TargetAttributes = {
					6E1341AF280605060092B126 = {
						CreatedOnToolsVersion = 13.2.1;
					};
					6E1341C5280605070092B126 = {
						CreatedOnToolsVersion = 13.2.1;
						TestTargetID = 6E1341AF280605060092B126;
					};
					6E1341CF280605070092B126 = {
						CreatedOnToolsVersion = 13.2.1;
						TestTargetID = 6E1341AF280605060092B126;
					};
				};
			};
			buildConfigurationList = 6E1341AB280605060092B126 /* Build configuration list for PBXProject "ShoppingApp" */;
			compatibilityVersion = "Xcode 13.0";
			developmentRegion = en;
			hasScannedForEncodings = 0;
			knownRegions = (
				en,
				Base,
			);
			mainGroup = 6E1341A7280605060092B126;
			productRefGroup = 6E1341B1280605060092B126 /* Products */;
			projectDirPath = "";
			projectRoot = "";
			targets = (
				6E1341AF280605060092B126 /* ShoppingApp */,
				6E1341C5280605070092B126 /* ShoppingAppTests */,
				6E1341CF280605070092B126 /* ShoppingAppUITests */,
			);
		};
/* End PBXProject section */

/* Begin PBXResourcesBuildPhase section */
		6E1341AE280605060092B126 /* Resources */ = {
			isa = PBXResourcesBuildPhase;
			buildActionMask = 2147483647;
			files = (
				6E1341C0280605070092B126 /* LaunchScreen.storyboard in Resources */,
				6E1341BD280605070092B126 /* Assets.xcassets in Resources */,
			);
			runOnlyForDeploymentPostprocessing = 0;
		};
		6E1341C4280605070092B126 /* Resources */ = {
			isa = PBXResourcesBuildPhase;
			buildActionMask = 2147483647;
			files = (
			);
			runOnlyForDeploymentPostprocessing = 0;
		};
		6E1341CE280605070092B126 /* Resources */ = {
			isa = PBXResourcesBuildPhase;
			buildActionMask = 2147483647;
			files = (
			);
			runOnlyForDeploymentPostprocessing = 0;
		};
/* End PBXResourcesBuildPhase section */

/* Begin PBXSourcesBuildPhase section */
		6E1341AC280605060092B126 /* Sources */ = {
			isa = PBXSourcesBuildPhase;
			buildActionMask = 2147483647;
			files = (
				F0971BF528E6EB3400E2A5DC /* HomeViewCoordinator.swift in Sources */,
				F0971C6B28E727C700E2A5DC /* GenericDataProtocol.swift in Sources */,
				F026A68C28EB1EC100356B4E /* DetailViewCoordinator.swift in Sources */,
				F0971C8A28E9E93E00E2A5DC /* NetworkChecker.swift in Sources */,
				F0971C8228E9DD9E00E2A5DC /* ShoppingListCoreDataManager.swift in Sources */,
				F0971C5528E720AB00E2A5DC /* CustomImageViewComponent.swift in Sources */,
				F0971C8828E9DE4700E2A5DC /* ShoppingListEntity.xcdatamodeld in Sources */,
				F0971BF728E6EB3B00E2A5DC /* HomeViewModel.swift in Sources */,
				F0971C5F28E723EC00E2A5DC /* GenericBaseView.swift in Sources */,
				F0971C2728E70BAC00E2A5DC /* ProductService.swift in Sources */,
				F0971C7328E72DA000E2A5DC /* BaseCollectionViewCell.swift in Sources */,
				6E1341B4280605060092B126 /* AppDelegate.swift in Sources */,
				F0971C5928E720C900E2A5DC /* CustomImageViewContainer.swift in Sources */,
				F0971C5728E720B300E2A5DC /* CustomImageViewData.swift in Sources */,
				F0971C6828E7273D00E2A5DC /* HomeCVData.swift in Sources */,
				F0971C6D28E727E200E2A5DC /* DataProviderProtocol.swift in Sources */,
				F026A68928EB198800356B4E /* DetailViewModel.swift in Sources */,
				F0971C2428E70B8F00E2A5DC /* RequestModel.swift in Sources */,
				6E1341B6280605060092B126 /* SceneDelegate.swift in Sources */,
				F0971C7128E72A8100E2A5DC /* HomeCVCell.swift in Sources */,
				F0971C5C28E7235400E2A5DC /* EndpointManager.swift in Sources */,
				F026A68728EB197B00356B4E /* DetailViewController.swift in Sources */,
				F0971C6628E7273100E2A5DC /* HomeCVComponent.swift in Sources */,
				F0971BF328E6EAF500E2A5DC /* HomeViewController.swift in Sources */,
				F0971C2128E70B2400E2A5DC /* ProductResponse.swift in Sources */,
				F0971BFA28E6EC6A00E2A5DC /* Coordinator.swift in Sources */,
				F0971C7C28E9D3F200E2A5DC /* CoreDataManager.swift in Sources */,
				F0971C7F28E9DBAF00E2A5DC /* Array+Extension.swift in Sources */,
				F0971C7628E7385700E2A5DC /* Double+Extension.swift in Sources */,
				F0971C5028E71FE300E2A5DC /* ImageCacheManager.swift in Sources */,
				F0971C4D28E71F8200E2A5DC /* HomeCellDisplayerView.swift in Sources */,
				F0971C7928E73AA200E2A5DC /* HomeDataFormatter.swift in Sources */,
				F0971C6228E7267D00E2A5DC /* HomeCellDisplayerData.swift in Sources */,
			);
			runOnlyForDeploymentPostprocessing = 0;
		};
		6E1341C2280605070092B126 /* Sources */ = {
			isa = PBXSourcesBuildPhase;
			buildActionMask = 2147483647;
			files = (
				6E1341CB280605070092B126 /* ShoppingAppTests.swift in Sources */,
			);
			runOnlyForDeploymentPostprocessing = 0;
		};
		6E1341CC280605070092B126 /* Sources */ = {
			isa = PBXSourcesBuildPhase;
			buildActionMask = 2147483647;
			files = (
				6E1341D7280605070092B126 /* ShoppingAppUITestsLaunchTests.swift in Sources */,
				6E1341D5280605070092B126 /* ShoppingAppUITests.swift in Sources */,
			);
			runOnlyForDeploymentPostprocessing = 0;
		};
/* End PBXSourcesBuildPhase section */

/* Begin PBXTargetDependency section */
		6E1341C8280605070092B126 /* PBXTargetDependency */ = {
			isa = PBXTargetDependency;
			target = 6E1341AF280605060092B126 /* ShoppingApp */;
			targetProxy = 6E1341C7280605070092B126 /* PBXContainerItemProxy */;
		};
		6E1341D2280605070092B126 /* PBXTargetDependency */ = {
			isa = PBXTargetDependency;
			target = 6E1341AF280605060092B126 /* ShoppingApp */;
			targetProxy = 6E1341D1280605070092B126 /* PBXContainerItemProxy */;
		};
/* End PBXTargetDependency section */

/* Begin PBXVariantGroup section */
		6E1341BE280605070092B126 /* LaunchScreen.storyboard */ = {
			isa = PBXVariantGroup;
			children = (
				6E1341BF280605070092B126 /* Base */,
			);
			name = LaunchScreen.storyboard;
			sourceTree = "<group>";
		};
/* End PBXVariantGroup section */

/* Begin XCBuildConfiguration section */
		6E1341D8280605070092B126 /* Debug */ = {
			isa = XCBuildConfiguration;
			buildSettings = {
				ALWAYS_SEARCH_USER_PATHS = NO;
				CLANG_ANALYZER_NONNULL = YES;
				CLANG_ANALYZER_NUMBER_OBJECT_CONVERSION = YES_AGGRESSIVE;
				CLANG_CXX_LANGUAGE_STANDARD = "gnu++17";
				CLANG_CXX_LIBRARY = "libc++";
				CLANG_ENABLE_MODULES = YES;
				CLANG_ENABLE_OBJC_ARC = YES;
				CLANG_ENABLE_OBJC_WEAK = YES;
				CLANG_WARN_BLOCK_CAPTURE_AUTORELEASING = YES;
				CLANG_WARN_BOOL_CONVERSION = YES;
				CLANG_WARN_COMMA = YES;
				CLANG_WARN_CONSTANT_CONVERSION = YES;
				CLANG_WARN_DEPRECATED_OBJC_IMPLEMENTATIONS = YES;
				CLANG_WARN_DIRECT_OBJC_ISA_USAGE = YES_ERROR;
				CLANG_WARN_DOCUMENTATION_COMMENTS = YES;
				CLANG_WARN_EMPTY_BODY = YES;
				CLANG_WARN_ENUM_CONVERSION = YES;
				CLANG_WARN_INFINITE_RECURSION = YES;
				CLANG_WARN_INT_CONVERSION = YES;
				CLANG_WARN_NON_LITERAL_NULL_CONVERSION = YES;
				CLANG_WARN_OBJC_IMPLICIT_RETAIN_SELF = YES;
				CLANG_WARN_OBJC_LITERAL_CONVERSION = YES;
				CLANG_WARN_OBJC_ROOT_CLASS = YES_ERROR;
				CLANG_WARN_QUOTED_INCLUDE_IN_FRAMEWORK_HEADER = YES;
				CLANG_WARN_RANGE_LOOP_ANALYSIS = YES;
				CLANG_WARN_STRICT_PROTOTYPES = YES;
				CLANG_WARN_SUSPICIOUS_MOVE = YES;
				CLANG_WARN_UNGUARDED_AVAILABILITY = YES_AGGRESSIVE;
				CLANG_WARN_UNREACHABLE_CODE = YES;
				CLANG_WARN__DUPLICATE_METHOD_MATCH = YES;
				COPY_PHASE_STRIP = NO;
				DEBUG_INFORMATION_FORMAT = dwarf;
				ENABLE_STRICT_OBJC_MSGSEND = YES;
				ENABLE_TESTABILITY = YES;
				GCC_C_LANGUAGE_STANDARD = gnu11;
				GCC_DYNAMIC_NO_PIC = NO;
				GCC_NO_COMMON_BLOCKS = YES;
				GCC_OPTIMIZATION_LEVEL = 0;
				GCC_PREPROCESSOR_DEFINITIONS = (
					"DEBUG=1",
					"$(inherited)",
				);
				GCC_WARN_64_TO_32_BIT_CONVERSION = YES;
				GCC_WARN_ABOUT_RETURN_TYPE = YES_ERROR;
				GCC_WARN_UNDECLARED_SELECTOR = YES;
				GCC_WARN_UNINITIALIZED_AUTOS = YES_AGGRESSIVE;
				GCC_WARN_UNUSED_FUNCTION = YES;
				GCC_WARN_UNUSED_VARIABLE = YES;
				IPHONEOS_DEPLOYMENT_TARGET = 15.2;
				MTL_ENABLE_DEBUG_INFO = INCLUDE_SOURCE;
				MTL_FAST_MATH = YES;
				ONLY_ACTIVE_ARCH = YES;
				SDKROOT = iphoneos;
				SWIFT_ACTIVE_COMPILATION_CONDITIONS = DEBUG;
				SWIFT_OPTIMIZATION_LEVEL = "-Onone";
			};
			name = Debug;
		};
		6E1341D9280605070092B126 /* Release */ = {
			isa = XCBuildConfiguration;
			buildSettings = {
				ALWAYS_SEARCH_USER_PATHS = NO;
				CLANG_ANALYZER_NONNULL = YES;
				CLANG_ANALYZER_NUMBER_OBJECT_CONVERSION = YES_AGGRESSIVE;
				CLANG_CXX_LANGUAGE_STANDARD = "gnu++17";
				CLANG_CXX_LIBRARY = "libc++";
				CLANG_ENABLE_MODULES = YES;
				CLANG_ENABLE_OBJC_ARC = YES;
				CLANG_ENABLE_OBJC_WEAK = YES;
				CLANG_WARN_BLOCK_CAPTURE_AUTORELEASING = YES;
				CLANG_WARN_BOOL_CONVERSION = YES;
				CLANG_WARN_COMMA = YES;
				CLANG_WARN_CONSTANT_CONVERSION = YES;
				CLANG_WARN_DEPRECATED_OBJC_IMPLEMENTATIONS = YES;
				CLANG_WARN_DIRECT_OBJC_ISA_USAGE = YES_ERROR;
				CLANG_WARN_DOCUMENTATION_COMMENTS = YES;
				CLANG_WARN_EMPTY_BODY = YES;
				CLANG_WARN_ENUM_CONVERSION = YES;
				CLANG_WARN_INFINITE_RECURSION = YES;
				CLANG_WARN_INT_CONVERSION = YES;
				CLANG_WARN_NON_LITERAL_NULL_CONVERSION = YES;
				CLANG_WARN_OBJC_IMPLICIT_RETAIN_SELF = YES;
				CLANG_WARN_OBJC_LITERAL_CONVERSION = YES;
				CLANG_WARN_OBJC_ROOT_CLASS = YES_ERROR;
				CLANG_WARN_QUOTED_INCLUDE_IN_FRAMEWORK_HEADER = YES;
				CLANG_WARN_RANGE_LOOP_ANALYSIS = YES;
				CLANG_WARN_STRICT_PROTOTYPES = YES;
				CLANG_WARN_SUSPICIOUS_MOVE = YES;
				CLANG_WARN_UNGUARDED_AVAILABILITY = YES_AGGRESSIVE;
				CLANG_WARN_UNREACHABLE_CODE = YES;
				CLANG_WARN__DUPLICATE_METHOD_MATCH = YES;
				COPY_PHASE_STRIP = NO;
				DEBUG_INFORMATION_FORMAT = "dwarf-with-dsym";
				ENABLE_NS_ASSERTIONS = NO;
				ENABLE_STRICT_OBJC_MSGSEND = YES;
				GCC_C_LANGUAGE_STANDARD = gnu11;
				GCC_NO_COMMON_BLOCKS = YES;
				GCC_WARN_64_TO_32_BIT_CONVERSION = YES;
				GCC_WARN_ABOUT_RETURN_TYPE = YES_ERROR;
				GCC_WARN_UNDECLARED_SELECTOR = YES;
				GCC_WARN_UNINITIALIZED_AUTOS = YES_AGGRESSIVE;
				GCC_WARN_UNUSED_FUNCTION = YES;
				GCC_WARN_UNUSED_VARIABLE = YES;
				IPHONEOS_DEPLOYMENT_TARGET = 15.2;
				MTL_ENABLE_DEBUG_INFO = NO;
				MTL_FAST_MATH = YES;
				SDKROOT = iphoneos;
				SWIFT_COMPILATION_MODE = wholemodule;
				SWIFT_OPTIMIZATION_LEVEL = "-O";
				VALIDATE_PRODUCT = YES;
			};
			name = Release;
		};
		6E1341DB280605070092B126 /* Debug */ = {
			isa = XCBuildConfiguration;
			buildSettings = {
				ASSETCATALOG_COMPILER_APPICON_NAME = AppIcon;
				ASSETCATALOG_COMPILER_GLOBAL_ACCENT_COLOR_NAME = AccentColor;
				CODE_SIGN_STYLE = Automatic;
				CURRENT_PROJECT_VERSION = 1;
				GENERATE_INFOPLIST_FILE = YES;
				INFOPLIST_FILE = ShoppingApp/Info.plist;
				INFOPLIST_KEY_UIApplicationSupportsIndirectInputEvents = YES;
				INFOPLIST_KEY_UILaunchStoryboardName = LaunchScreen;
				INFOPLIST_KEY_UISupportedInterfaceOrientations_iPad = "UIInterfaceOrientationPortrait UIInterfaceOrientationPortraitUpsideDown UIInterfaceOrientationLandscapeLeft UIInterfaceOrientationLandscapeRight";
				INFOPLIST_KEY_UISupportedInterfaceOrientations_iPhone = "UIInterfaceOrientationPortrait UIInterfaceOrientationLandscapeLeft UIInterfaceOrientationLandscapeRight";
				IPHONEOS_DEPLOYMENT_TARGET = 15.0;
				LD_RUNPATH_SEARCH_PATHS = (
					"$(inherited)",
					"@executable_path/Frameworks",
				);
				MARKETING_VERSION = 1.0;
				PRODUCT_BUNDLE_IDENTIFIER = com.getir.ShoppingApp;
				PRODUCT_NAME = "$(TARGET_NAME)";
				SWIFT_EMIT_LOC_STRINGS = YES;
				SWIFT_VERSION = 5.0;
				TARGETED_DEVICE_FAMILY = "1,2";
			};
			name = Debug;
		};
		6E1341DC280605070092B126 /* Release */ = {
			isa = XCBuildConfiguration;
			buildSettings = {
				ASSETCATALOG_COMPILER_APPICON_NAME = AppIcon;
				ASSETCATALOG_COMPILER_GLOBAL_ACCENT_COLOR_NAME = AccentColor;
				CODE_SIGN_STYLE = Automatic;
				CURRENT_PROJECT_VERSION = 1;
				GENERATE_INFOPLIST_FILE = YES;
				INFOPLIST_FILE = ShoppingApp/Info.plist;
				INFOPLIST_KEY_UIApplicationSupportsIndirectInputEvents = YES;
				INFOPLIST_KEY_UILaunchStoryboardName = LaunchScreen;
				INFOPLIST_KEY_UISupportedInterfaceOrientations_iPad = "UIInterfaceOrientationPortrait UIInterfaceOrientationPortraitUpsideDown UIInterfaceOrientationLandscapeLeft UIInterfaceOrientationLandscapeRight";
				INFOPLIST_KEY_UISupportedInterfaceOrientations_iPhone = "UIInterfaceOrientationPortrait UIInterfaceOrientationLandscapeLeft UIInterfaceOrientationLandscapeRight";
				IPHONEOS_DEPLOYMENT_TARGET = 15.0;
				LD_RUNPATH_SEARCH_PATHS = (
					"$(inherited)",
					"@executable_path/Frameworks",
				);
				MARKETING_VERSION = 1.0;
				PRODUCT_BUNDLE_IDENTIFIER = com.getir.ShoppingApp;
				PRODUCT_NAME = "$(TARGET_NAME)";
				SWIFT_EMIT_LOC_STRINGS = YES;
				SWIFT_VERSION = 5.0;
				TARGETED_DEVICE_FAMILY = "1,2";
			};
			name = Release;
		};
		6E1341DE280605070092B126 /* Debug */ = {
			isa = XCBuildConfiguration;
			buildSettings = {
				ALWAYS_EMBED_SWIFT_STANDARD_LIBRARIES = YES;
				BUNDLE_LOADER = "$(TEST_HOST)";
				CODE_SIGN_STYLE = Automatic;
				CURRENT_PROJECT_VERSION = 1;
				GENERATE_INFOPLIST_FILE = YES;
				IPHONEOS_DEPLOYMENT_TARGET = 15.2;
				MARKETING_VERSION = 1.0;
				PRODUCT_BUNDLE_IDENTIFIER = com.getir.ShoppingAppTests;
				PRODUCT_NAME = "$(TARGET_NAME)";
				SWIFT_EMIT_LOC_STRINGS = NO;
				SWIFT_VERSION = 5.0;
				TARGETED_DEVICE_FAMILY = "1,2";
				TEST_HOST = "$(BUILT_PRODUCTS_DIR)/ShoppingApp.app/ShoppingApp";
			};
			name = Debug;
		};
		6E1341DF280605070092B126 /* Release */ = {
			isa = XCBuildConfiguration;
			buildSettings = {
				ALWAYS_EMBED_SWIFT_STANDARD_LIBRARIES = YES;
				BUNDLE_LOADER = "$(TEST_HOST)";
				CODE_SIGN_STYLE = Automatic;
				CURRENT_PROJECT_VERSION = 1;
				GENERATE_INFOPLIST_FILE = YES;
				IPHONEOS_DEPLOYMENT_TARGET = 15.2;
				MARKETING_VERSION = 1.0;
				PRODUCT_BUNDLE_IDENTIFIER = com.getir.ShoppingAppTests;
				PRODUCT_NAME = "$(TARGET_NAME)";
				SWIFT_EMIT_LOC_STRINGS = NO;
				SWIFT_VERSION = 5.0;
				TARGETED_DEVICE_FAMILY = "1,2";
				TEST_HOST = "$(BUILT_PRODUCTS_DIR)/ShoppingApp.app/ShoppingApp";
			};
			name = Release;
		};
		6E1341E1280605070092B126 /* Debug */ = {
			isa = XCBuildConfiguration;
			buildSettings = {
				ALWAYS_EMBED_SWIFT_STANDARD_LIBRARIES = YES;
				CODE_SIGN_STYLE = Automatic;
				CURRENT_PROJECT_VERSION = 1;
				GENERATE_INFOPLIST_FILE = YES;
				MARKETING_VERSION = 1.0;
				PRODUCT_BUNDLE_IDENTIFIER = com.getir.ShoppingAppUITests;
				PRODUCT_NAME = "$(TARGET_NAME)";
				SWIFT_EMIT_LOC_STRINGS = NO;
				SWIFT_VERSION = 5.0;
				TARGETED_DEVICE_FAMILY = "1,2";
				TEST_TARGET_NAME = ShoppingApp;
			};
			name = Debug;
		};
		6E1341E2280605070092B126 /* Release */ = {
			isa = XCBuildConfiguration;
			buildSettings = {
				ALWAYS_EMBED_SWIFT_STANDARD_LIBRARIES = YES;
				CODE_SIGN_STYLE = Automatic;
				CURRENT_PROJECT_VERSION = 1;
				GENERATE_INFOPLIST_FILE = YES;
				MARKETING_VERSION = 1.0;
				PRODUCT_BUNDLE_IDENTIFIER = com.getir.ShoppingAppUITests;
				PRODUCT_NAME = "$(TARGET_NAME)";
				SWIFT_EMIT_LOC_STRINGS = NO;
				SWIFT_VERSION = 5.0;
				TARGETED_DEVICE_FAMILY = "1,2";
				TEST_TARGET_NAME = ShoppingApp;
			};
			name = Release;
		};
/* End XCBuildConfiguration section */

/* Begin XCConfigurationList section */
		6E1341AB280605060092B126 /* Build configuration list for PBXProject "ShoppingApp" */ = {
			isa = XCConfigurationList;
			buildConfigurations = (
				6E1341D8280605070092B126 /* Debug */,
				6E1341D9280605070092B126 /* Release */,
			);
			defaultConfigurationIsVisible = 0;
			defaultConfigurationName = Release;
		};
		6E1341DA280605070092B126 /* Build configuration list for PBXNativeTarget "ShoppingApp" */ = {
			isa = XCConfigurationList;
			buildConfigurations = (
				6E1341DB280605070092B126 /* Debug */,
				6E1341DC280605070092B126 /* Release */,
			);
			defaultConfigurationIsVisible = 0;
			defaultConfigurationName = Release;
		};
		6E1341DD280605070092B126 /* Build configuration list for PBXNativeTarget "ShoppingAppTests" */ = {
			isa = XCConfigurationList;
			buildConfigurations = (
				6E1341DE280605070092B126 /* Debug */,
				6E1341DF280605070092B126 /* Release */,
			);
			defaultConfigurationIsVisible = 0;
			defaultConfigurationName = Release;
		};
		6E1341E0280605070092B126 /* Build configuration list for PBXNativeTarget "ShoppingAppUITests" */ = {
			isa = XCConfigurationList;
			buildConfigurations = (
				6E1341E1280605070092B126 /* Debug */,
				6E1341E2280605070092B126 /* Release */,
			);
			defaultConfigurationIsVisible = 0;
			defaultConfigurationName = Release;
		};
/* End XCConfigurationList section */

/* Begin XCSwiftPackageProductDependency section */
		F0971C4928E7183A00E2A5DC /* NetworkLayer */ = {
			isa = XCSwiftPackageProductDependency;
			productName = NetworkLayer;
		};
/* End XCSwiftPackageProductDependency section */

/* Begin XCVersionGroup section */
		F0971C8628E9DE4700E2A5DC /* ShoppingListEntity.xcdatamodeld */ = {
			isa = XCVersionGroup;
			children = (
				F0971C8728E9DE4700E2A5DC /* ShoppingListItem.xcdatamodel */,
			);
			currentVersion = F0971C8728E9DE4700E2A5DC /* ShoppingListItem.xcdatamodel */;
			path = ShoppingListEntity.xcdatamodeld;
			sourceTree = "<group>";
			versionGroupType = wrapper.xcdatamodel;
		};
/* End XCVersionGroup section */
	};
	rootObject = 6E1341A8280605060092B126 /* Project object */;
}
